
Microsoft Visual Studio Solution File, Format Version 12.00
# Visual Studio Version 17
VisualStudioVersion = 17.1.32210.238
MinimumVisualStudioVersion = 10.0.40219.1
Project("{FAE04EC0-301F-11D3-BF4B-00C04F79EFBC}") = "TeoReverse", "TeoReverse\TeoReverse.csproj", "{7B407793-E000-4E76-ACA6-2FC5A4D2B384}"
EndProject
Global
	GlobalSection(SolutionConfigurationPlatforms) = preSolution
		Debug|Any CPU = Debug|Any CPU
		Release|Any CPU = Release|Any CPU
	EndGlobalSection
	GlobalSection(ProjectConfigurationPlatforms) = postSolution
		{7B407793-E000-4E76-ACA6-2FC5A4D2B384}.Debug|Any CPU.ActiveCfg = Debug|Any CPU
		{7B407793-E000-4E76-ACA6-2FC5A4D2B384}.Debug|Any CPU.Build.0 = Debug|Any CPU
		{7B407793-E000-4E76-ACA6-2FC5A4D2B384}.Release|Any CPU.ActiveCfg = Release|Any CPU
		{7B407793-E000-4E76-ACA6-2FC5A4D2B384}.Release|Any CPU.Build.0 = Release|Any CPU
	EndGlobalSection
	GlobalSection(SolutionProperties) = preSolution
		HideSolutionNode = FALSE
	EndGlobalSection
	GlobalSection(ExtensibilityGlobals) = postSolution
		SolutionGuid = {40AA02F0-EAC0-4363-A71E-3E877F7806A6}
	EndGlobalSection
EndGlobal
